
Microsoft Visual Studio Solution File, Format Version 12.00
# Visual Studio Version 17
VisualStudioVersion = 17.8.34408.163
MinimumVisualStudioVersion = 10.0.40219.1
Project("{FAE04EC0-301F-11D3-BF4B-00C04F79EFBC}") = "Quection 03", "Quection 03.csproj", "{E8FF4751-D398-41C6-8169-68E3350679E1}"
EndProject
Global
	GlobalSection(SolutionConfigurationPlatforms) = preSolution
		Debug|Any CPU = Debug|Any CPU
		Release|Any CPU = Release|Any CPU
	EndGlobalSection
	GlobalSection(ProjectConfigurationPlatforms) = postSolution
		{E8FF4751-D398-41C6-8169-68E3350679E1}.Debug|Any CPU.ActiveCfg = Debug|Any CPU
		{E8FF4751-D398-41C6-8169-68E3350679E1}.Debug|Any CPU.Build.0 = Debug|Any CPU
		{E8FF4751-D398-41C6-8169-68E3350679E1}.Release|Any CPU.ActiveCfg = Release|Any CPU
		{E8FF4751-D398-41C6-8169-68E3350679E1}.Release|Any CPU.Build.0 = Release|Any CPU
	EndGlobalSection
	GlobalSection(SolutionProperties) = preSolution
		HideSolutionNode = FALSE
	EndGlobalSection
	GlobalSection(ExtensibilityGlobals) = postSolution
		SolutionGuid = {8322E9A3-0541-4D3B-A6DF-0700194E0AB1}
	EndGlobalSection
EndGlobal
