
Microsoft Visual Studio Solution File, Format Version 12.00
# Visual Studio Version 17
VisualStudioVersion = 17.8.34408.163
MinimumVisualStudioVersion = 10.0.40219.1
Project("{FAE04EC0-301F-11D3-BF4B-00C04F79EFBC}") = "Question 05", "Question 05.csproj", "{E19337EA-E41E-45A1-BF9A-F443E5AB2796}"
EndProject
Global
	GlobalSection(SolutionConfigurationPlatforms) = preSolution
		Debug|Any CPU = Debug|Any CPU
		Release|Any CPU = Release|Any CPU
	EndGlobalSection
	GlobalSection(ProjectConfigurationPlatforms) = postSolution
		{E19337EA-E41E-45A1-BF9A-F443E5AB2796}.Debug|Any CPU.ActiveCfg = Debug|Any CPU
		{E19337EA-E41E-45A1-BF9A-F443E5AB2796}.Debug|Any CPU.Build.0 = Debug|Any CPU
		{E19337EA-E41E-45A1-BF9A-F443E5AB2796}.Release|Any CPU.ActiveCfg = Release|Any CPU
		{E19337EA-E41E-45A1-BF9A-F443E5AB2796}.Release|Any CPU.Build.0 = Release|Any CPU
	EndGlobalSection
	GlobalSection(SolutionProperties) = preSolution
		HideSolutionNode = FALSE
	EndGlobalSection
	GlobalSection(ExtensibilityGlobals) = postSolution
		SolutionGuid = {C6F15550-614A-445B-B9C8-4ABE01007793}
	EndGlobalSection
EndGlobal
