
Microsoft Visual Studio Solution File, Format Version 12.00
# Visual Studio Version 17
VisualStudioVersion = 17.8.34511.84
MinimumVisualStudioVersion = 10.0.40219.1
Project("{FAE04EC0-301F-11D3-BF4B-00C04F79EFBC}") = "Question1", "Question1.csproj", "{5780AD21-964B-4A21-8F23-9D96D74D3360}"
EndProject
Project("{FAE04EC0-301F-11D3-BF4B-00C04F79EFBC}") = "Question2", "..\Question2\Question2.csproj", "{7A694EAB-990D-465F-ADFD-4FF316E7D537}"
EndProject
Global
	GlobalSection(SolutionConfigurationPlatforms) = preSolution
		Debug|Any CPU = Debug|Any CPU
		Release|Any CPU = Release|Any CPU
	EndGlobalSection
	GlobalSection(ProjectConfigurationPlatforms) = postSolution
		{5780AD21-964B-4A21-8F23-9D96D74D3360}.Debug|Any CPU.ActiveCfg = Debug|Any CPU
		{5780AD21-964B-4A21-8F23-9D96D74D3360}.Debug|Any CPU.Build.0 = Debug|Any CPU
		{5780AD21-964B-4A21-8F23-9D96D74D3360}.Release|Any CPU.ActiveCfg = Release|Any CPU
		{5780AD21-964B-4A21-8F23-9D96D74D3360}.Release|Any CPU.Build.0 = Release|Any CPU
		{7A694EAB-990D-465F-ADFD-4FF316E7D537}.Debug|Any CPU.ActiveCfg = Debug|Any CPU
		{7A694EAB-990D-465F-ADFD-4FF316E7D537}.Debug|Any CPU.Build.0 = Debug|Any CPU
		{7A694EAB-990D-465F-ADFD-4FF316E7D537}.Release|Any CPU.ActiveCfg = Release|Any CPU
		{7A694EAB-990D-465F-ADFD-4FF316E7D537}.Release|Any CPU.Build.0 = Release|Any CPU
	EndGlobalSection
	GlobalSection(SolutionProperties) = preSolution
		HideSolutionNode = FALSE
	EndGlobalSection
	GlobalSection(ExtensibilityGlobals) = postSolution
		SolutionGuid = {2673108F-C092-44E1-8A5E-E85C1623907E}
	EndGlobalSection
EndGlobal
