
Microsoft Visual Studio Solution File, Format Version 12.00
# Visual Studio Version 17
VisualStudioVersion = 17.8.34525.116
MinimumVisualStudioVersion = 10.0.40219.1
Project("{FAE04EC0-301F-11D3-BF4B-00C04F79EFBC}") = "ATM Machine (Sheet 01-Task 07)", "ATM Machine (Sheet 01-Task 07)\ATM Machine (Sheet 01-Task 07).csproj", "{0DE5B123-8F02-4798-B96F-E74042D1C0D3}"
EndProject
Global
	GlobalSection(SolutionConfigurationPlatforms) = preSolution
		Debug|Any CPU = Debug|Any CPU
		Release|Any CPU = Release|Any CPU
	EndGlobalSection
	GlobalSection(ProjectConfigurationPlatforms) = postSolution
		{0DE5B123-8F02-4798-B96F-E74042D1C0D3}.Debug|Any CPU.ActiveCfg = Debug|Any CPU
		{0DE5B123-8F02-4798-B96F-E74042D1C0D3}.Debug|Any CPU.Build.0 = Debug|Any CPU
		{0DE5B123-8F02-4798-B96F-E74042D1C0D3}.Release|Any CPU.ActiveCfg = Release|Any CPU
		{0DE5B123-8F02-4798-B96F-E74042D1C0D3}.Release|Any CPU.Build.0 = Release|Any CPU
	EndGlobalSection
	GlobalSection(SolutionProperties) = preSolution
		HideSolutionNode = FALSE
	EndGlobalSection
	GlobalSection(ExtensibilityGlobals) = postSolution
		SolutionGuid = {FB7638F1-4268-45BB-877F-9771F8AC040E}
	EndGlobalSection
EndGlobal
